
Microsoft Visual Studio Solution File, Format Version 12.00
# Visual Studio Version 16
VisualStudioVersion = 16.0.29123.88
MinimumVisualStudioVersion = 10.0.40219.1
Project("{FAE04EC0-301F-11D3-BF4B-00C04F79EFBC}") = "Lab12ClassUml", "Lab12ClassUml.csproj", "{2AA8BE0F-D27F-4661-B952-280D05431E82}"
EndProject
Global
	GlobalSection(SolutionConfigurationPlatforms) = preSolution
		Debug|Any CPU = Debug|Any CPU
		Release|Any CPU = Release|Any CPU
	EndGlobalSection
	GlobalSection(ProjectConfigurationPlatforms) = postSolution
		{2AA8BE0F-D27F-4661-B952-280D05431E82}.Debug|Any CPU.ActiveCfg = Debug|Any CPU
		{2AA8BE0F-D27F-4661-B952-280D05431E82}.Debug|Any CPU.Build.0 = Debug|Any CPU
		{2AA8BE0F-D27F-4661-B952-280D05431E82}.Release|Any CPU.ActiveCfg = Release|Any CPU
		{2AA8BE0F-D27F-4661-B952-280D05431E82}.Release|Any CPU.Build.0 = Release|Any CPU
	EndGlobalSection
	GlobalSection(SolutionProperties) = preSolution
		HideSolutionNode = FALSE
	EndGlobalSection
	GlobalSection(ExtensibilityGlobals) = postSolution
		SolutionGuid = {179293CF-3BC1-455F-AC20-C9B8FBC33E1E}
	EndGlobalSection
EndGlobal
